// !$*UTF8*$!
{
	archiveVersion = 1;
	classes = {
	};
	objectVersion = 48;
	objects = {

/* Begin PBXBuildFile section */
		043BFB6D2195597D00BBC6E4 /* AppDelegate.m in Sources */ = {isa = PBXBuildFile; fileRef = 043BFB6C2195597D00BBC6E4 /* AppDelegate.m */; };
		043BFB702195597D00BBC6E4 /* ViewController.m in Sources */ = {isa = PBXBuildFile; fileRef = 043BFB6F2195597D00BBC6E4 /* ViewController.m */; };
		043BFB732195597D00BBC6E4 /* Main.storyboard in Resources */ = {isa = PBXBuildFile; fileRef = 043BFB712195597D00BBC6E4 /* Main.storyboard */; };
		043BFB752195597D00BBC6E4 /* Assets.xcassets in Resources */ = {isa = PBXBuildFile; fileRef = 043BFB742195597D00BBC6E4 /* Assets.xcassets */; };
		043BFB782195597D00BBC6E4 /* LaunchScreen.storyboard in Resources */ = {isa = PBXBuildFile; fileRef = 043BFB762195597D00BBC6E4 /* LaunchScreen.storyboard */; };
		043BFB7B2195597D00BBC6E4 /* main.m in Sources */ = {isa = PBXBuildFile; fileRef = 043BFB7A2195597D00BBC6E4 /* main.m */; };
		043BFB852195597D00BBC6E4 /* ComponentACategoryTests.m in Sources */ = {isa = PBXBuildFile; fileRef = 043BFB842195597D00BBC6E4 /* ComponentACategoryTests.m */; };
		043BFB902195597D00BBC6E4 /* ComponentACategoryUITests.m in Sources */ = {isa = PBXBuildFile; fileRef = 043BFB8F2195597D00BBC6E4 /* ComponentACategoryUITests.m */; };
		043BFBA321955D1800BBC6E4 /* CTMediator+ModuleA.m in Sources */ = {isa = PBXBuildFile; fileRef = 043BFBA221955D1800BBC6E4 /* CTMediator+ModuleA.m */; };
		18AEBA2813B7D4D4447FF384 /* libPods-ComponentACategoryUITests.a in Frameworks */ = {isa = PBXBuildFile; fileRef = B27A39A5E50CEDFF17CD3221 /* libPods-ComponentACategoryUITests.a */; };
		72BC92F2C3E0C3233289B5B4 /* libPods-ComponentACategoryTests.a in Frameworks */ = {isa = PBXBuildFile; fileRef = C880AE36D0ADF8A378B65B3C /* libPods-ComponentACategoryTests.a */; };
		B73EE0FCCFF9AC5D4D2BA27F /* libPods-ComponentACategory.a in Frameworks */ = {isa = PBXBuildFile; fileRef = D2E4DB1F65D1BDA547CDB3D6 /* libPods-ComponentACategory.a */; };
/* End PBXBuildFile section */

/* Begin PBXContainerItemProxy section */
		043BFB812195597D00BBC6E4 /* PBXContainerItemProxy */ = {
			isa = PBXContainerItemProxy;
			containerPortal = 043BFB602195597D00BBC6E4 /* Project object */;
			proxyType = 1;
			remoteGlobalIDString = 043BFB672195597D00BBC6E4;
			remoteInfo = ComponentACategory;
		};
		043BFB8C2195597D00BBC6E4 /* PBXContainerItemProxy */ = {
			isa = PBXContainerItemProxy;
			containerPortal = 043BFB602195597D00BBC6E4 /* Project object */;
			proxyType = 1;
			remoteGlobalIDString = 043BFB672195597D00BBC6E4;
			remoteInfo = ComponentACategory;
		};
/* End PBXContainerItemProxy section */

/* Begin PBXFileReference section */
		043BFB682195597D00BBC6E4 /* ComponentACategory.app */ = {isa = PBXFileReference; explicitFileType = wrapper.application; includeInIndex = 0; path = ComponentACategory.app; sourceTree = BUILT_PRODUCTS_DIR; };
		043BFB6B2195597D00BBC6E4 /* AppDelegate.h */ = {isa = PBXFileReference; lastKnownFileType = sourcecode.c.h; path = AppDelegate.h; sourceTree = "<group>"; };
		043BFB6C2195597D00BBC6E4 /* AppDelegate.m */ = {isa = PBXFileReference; lastKnownFileType = sourcecode.c.objc; path = AppDelegate.m; sourceTree = "<group>"; };
		043BFB6E2195597D00BBC6E4 /* ViewController.h */ = {isa = PBXFileReference; lastKnownFileType = sourcecode.c.h; path = ViewController.h; sourceTree = "<group>"; };
		043BFB6F2195597D00BBC6E4 /* ViewController.m */ = {isa = PBXFileReference; lastKnownFileType = sourcecode.c.objc; path = ViewController.m; sourceTree = "<group>"; };
		043BFB722195597D00BBC6E4 /* Base */ = {isa = PBXFileReference; lastKnownFileType = file.storyboard; name = Base; path = Base.lproj/Main.storyboard; sourceTree = "<group>"; };
		043BFB742195597D00BBC6E4 /* Assets.xcassets */ = {isa = PBXFileReference; lastKnownFileType = folder.assetcatalog; path = Assets.xcassets; sourceTree = "<group>"; };
		043BFB772195597D00BBC6E4 /* Base */ = {isa = PBXFileReference; lastKnownFileType = file.storyboard; name = Base; path = Base.lproj/LaunchScreen.storyboard; sourceTree = "<group>"; };
		043BFB792195597D00BBC6E4 /* Info.plist */ = {isa = PBXFileReference; lastKnownFileType = text.plist.xml; path = Info.plist; sourceTree = "<group>"; };
		043BFB7A2195597D00BBC6E4 /* main.m */ = {isa = PBXFileReference; lastKnownFileType = sourcecode.c.objc; path = main.m; sourceTree = "<group>"; };
		043BFB802195597D00BBC6E4 /* ComponentACategoryTests.xctest */ = {isa = PBXFileReference; explicitFileType = wrapper.cfbundle; includeInIndex = 0; path = ComponentACategoryTests.xctest; sourceTree = BUILT_PRODUCTS_DIR; };
		043BFB842195597D00BBC6E4 /* ComponentACategoryTests.m */ = {isa = PBXFileReference; lastKnownFileType = sourcecode.c.objc; path = ComponentACategoryTests.m; sourceTree = "<group>"; };
		043BFB862195597D00BBC6E4 /* Info.plist */ = {isa = PBXFileReference; lastKnownFileType = text.plist.xml; path = Info.plist; sourceTree = "<group>"; };
		043BFB8B2195597D00BBC6E4 /* ComponentACategoryUITests.xctest */ = {isa = PBXFileReference; explicitFileType = wrapper.cfbundle; includeInIndex = 0; path = ComponentACategoryUITests.xctest; sourceTree = BUILT_PRODUCTS_DIR; };
		043BFB8F2195597D00BBC6E4 /* ComponentACategoryUITests.m */ = {isa = PBXFileReference; lastKnownFileType = sourcecode.c.objc; path = ComponentACategoryUITests.m; sourceTree = "<group>"; };
		043BFB912195597E00BBC6E4 /* Info.plist */ = {isa = PBXFileReference; lastKnownFileType = text.plist.xml; path = Info.plist; sourceTree = "<group>"; };
		043BFBA121955D1800BBC6E4 /* CTMediator+ModuleA.h */ = {isa = PBXFileReference; lastKnownFileType = sourcecode.c.h; path = "CTMediator+ModuleA.h"; sourceTree = "<group>"; };
		043BFBA221955D1800BBC6E4 /* CTMediator+ModuleA.m */ = {isa = PBXFileReference; lastKnownFileType = sourcecode.c.objc; path = "CTMediator+ModuleA.m"; sourceTree = "<group>"; };
		20CA9750221F974530591BF9 /* Pods-ComponentACategoryUITests.debug.xcconfig */ = {isa = PBXFileReference; includeInIndex = 1; lastKnownFileType = text.xcconfig; name = "Pods-ComponentACategoryUITests.debug.xcconfig"; path = "Pods/Target Support Files/Pods-ComponentACategoryUITests/Pods-ComponentACategoryUITests.debug.xcconfig"; sourceTree = "<group>"; };
		59E30E613010EA3B86C03AA2 /* Pods-ComponentACategory.debug.xcconfig */ = {isa = PBXFileReference; includeInIndex = 1; lastKnownFileType = text.xcconfig; name = "Pods-ComponentACategory.debug.xcconfig"; path = "Pods/Target Support Files/Pods-ComponentACategory/Pods-ComponentACategory.debug.xcconfig"; sourceTree = "<group>"; };
		9388B40DD7352C9CF7B3D2DE /* Pods-ComponentACategoryUITests.release.xcconfig */ = {isa = PBXFileReference; includeInIndex = 1; lastKnownFileType = text.xcconfig; name = "Pods-ComponentACategoryUITests.release.xcconfig"; path = "Pods/Target Support Files/Pods-ComponentACategoryUITests/Pods-ComponentACategoryUITests.release.xcconfig"; sourceTree = "<group>"; };
		A0F571B2E5AB66FBFAFAC78D /* Pods-ComponentACategory.release.xcconfig */ = {isa = PBXFileReference; includeInIndex = 1; lastKnownFileType = text.xcconfig; name = "Pods-ComponentACategory.release.xcconfig"; path = "Pods/Target Support Files/Pods-ComponentACategory/Pods-ComponentACategory.release.xcconfig"; sourceTree = "<group>"; };
		B27A39A5E50CEDFF17CD3221 /* libPods-ComponentACategoryUITests.a */ = {isa = PBXFileReference; explicitFileType = archive.ar; includeInIndex = 0; path = "libPods-ComponentACategoryUITests.a"; sourceTree = BUILT_PRODUCTS_DIR; };
		C880AE36D0ADF8A378B65B3C /* libPods-ComponentACategoryTests.a */ = {isa = PBXFileReference; explicitFileType = archive.ar; includeInIndex = 0; path = "libPods-ComponentACategoryTests.a"; sourceTree = BUILT_PRODUCTS_DIR; };
		D2E4DB1F65D1BDA547CDB3D6 /* libPods-ComponentACategory.a */ = {isa = PBXFileReference; explicitFileType = archive.ar; includeInIndex = 0; path = "libPods-ComponentACategory.a"; sourceTree = BUILT_PRODUCTS_DIR; };
		D4B5A5F02756300F10C16AD2 /* Pods-ComponentACategoryTests.debug.xcconfig */ = {isa = PBXFileReference; includeInIndex = 1; lastKnownFileType = text.xcconfig; name = "Pods-ComponentACategoryTests.debug.xcconfig"; path = "Pods/Target Support Files/Pods-ComponentACategoryTests/Pods-ComponentACategoryTests.debug.xcconfig"; sourceTree = "<group>"; };
		F7E28B293589834295C55D43 /* Pods-ComponentACategoryTests.release.xcconfig */ = {isa = PBXFileReference; includeInIndex = 1; lastKnownFileType = text.xcconfig; name = "Pods-ComponentACategoryTests.release.xcconfig"; path = "Pods/Target Support Files/Pods-ComponentACategoryTests/Pods-ComponentACategoryTests.release.xcconfig"; sourceTree = "<group>"; };
/* End PBXFileReference section */

/* Begin PBXFrameworksBuildPhase section */
		043BFB652195597D00BBC6E4 /* Frameworks */ = {
			isa = PBXFrameworksBuildPhase;
			buildActionMask = 2147483647;
			files = (
				B73EE0FCCFF9AC5D4D2BA27F /* libPods-ComponentACategory.a in Frameworks */,
			);
			runOnlyForDeploymentPostprocessing = 0;
		};
		043BFB7D2195597D00BBC6E4 /* Frameworks */ = {
			isa = PBXFrameworksBuildPhase;
			buildActionMask = 2147483647;
			files = (
				72BC92F2C3E0C3233289B5B4 /* libPods-ComponentACategoryTests.a in Frameworks */,
			);
			runOnlyForDeploymentPostprocessing = 0;
		};
		043BFB882195597D00BBC6E4 /* Frameworks */ = {
			isa = PBXFrameworksBuildPhase;
			buildActionMask = 2147483647;
			files = (
				18AEBA2813B7D4D4447FF384 /* libPods-ComponentACategoryUITests.a in Frameworks */,
			);
			runOnlyForDeploymentPostprocessing = 0;
		};
/* End PBXFrameworksBuildPhase section */

/* Begin PBXGroup section */
		043BFB5F2195597D00BBC6E4 = {
			isa = PBXGroup;
			children = (
				043BFB6A2195597D00BBC6E4 /* ComponentACategory */,
				043BFB832195597D00BBC6E4 /* ComponentACategoryTests */,
				043BFB8E2195597D00BBC6E4 /* ComponentACategoryUITests */,
				043BFB692195597D00BBC6E4 /* Products */,
				36E04F0F74991FE4C1D95AAB /* Pods */,
				D5C8C0D05B3FFA9D26AE4936 /* Frameworks */,
			);
			sourceTree = "<group>";
		};
		043BFB692195597D00BBC6E4 /* Products */ = {
			isa = PBXGroup;
			children = (
				043BFB682195597D00BBC6E4 /* ComponentACategory.app */,
				043BFB802195597D00BBC6E4 /* ComponentACategoryTests.xctest */,
				043BFB8B2195597D00BBC6E4 /* ComponentACategoryUITests.xctest */,
			);
			name = Products;
			sourceTree = "<group>";
		};
		043BFB6A2195597D00BBC6E4 /* ComponentACategory */ = {
			isa = PBXGroup;
			children = (
				043BFB9D21955A8B00BBC6E4 /* Category */,
				043BFB6B2195597D00BBC6E4 /* AppDelegate.h */,
				043BFB6C2195597D00BBC6E4 /* AppDelegate.m */,
				043BFB6E2195597D00BBC6E4 /* ViewController.h */,
				043BFB6F2195597D00BBC6E4 /* ViewController.m */,
				043BFB712195597D00BBC6E4 /* Main.storyboard */,
				043BFB742195597D00BBC6E4 /* Assets.xcassets */,
				043BFB762195597D00BBC6E4 /* LaunchScreen.storyboard */,
				043BFB792195597D00BBC6E4 /* Info.plist */,
				043BFB7A2195597D00BBC6E4 /* main.m */,
			);
			path = ComponentACategory;
			sourceTree = "<group>";
		};
		043BFB832195597D00BBC6E4 /* ComponentACategoryTests */ = {
			isa = PBXGroup;
			children = (
				043BFB842195597D00BBC6E4 /* ComponentACategoryTests.m */,
				043BFB862195597D00BBC6E4 /* Info.plist */,
			);
			path = ComponentACategoryTests;
			sourceTree = "<group>";
		};
		043BFB8E2195597D00BBC6E4 /* ComponentACategoryUITests */ = {
			isa = PBXGroup;
			children = (
				043BFB8F2195597D00BBC6E4 /* ComponentACategoryUITests.m */,
				043BFB912195597E00BBC6E4 /* Info.plist */,
			);
			path = ComponentACategoryUITests;
			sourceTree = "<group>";
		};
		043BFB9D21955A8B00BBC6E4 /* Category */ = {
			isa = PBXGroup;
			children = (
				043BFBA121955D1800BBC6E4 /* CTMediator+ModuleA.h */,
				043BFBA221955D1800BBC6E4 /* CTMediator+ModuleA.m */,
			);
			path = Category;
			sourceTree = "<group>";
		};
		36E04F0F74991FE4C1D95AAB /* Pods */ = {
			isa = PBXGroup;
			children = (
				59E30E613010EA3B86C03AA2 /* Pods-ComponentACategory.debug.xcconfig */,
				A0F571B2E5AB66FBFAFAC78D /* Pods-ComponentACategory.release.xcconfig */,
				D4B5A5F02756300F10C16AD2 /* Pods-ComponentACategoryTests.debug.xcconfig */,
				F7E28B293589834295C55D43 /* Pods-ComponentACategoryTests.release.xcconfig */,
				20CA9750221F974530591BF9 /* Pods-ComponentACategoryUITests.debug.xcconfig */,
				9388B40DD7352C9CF7B3D2DE /* Pods-ComponentACategoryUITests.release.xcconfig */,
			);
			name = Pods;
			sourceTree = "<group>";
		};
		D5C8C0D05B3FFA9D26AE4936 /* Frameworks */ = {
			isa = PBXGroup;
			children = (
				D2E4DB1F65D1BDA547CDB3D6 /* libPods-ComponentACategory.a */,
				C880AE36D0ADF8A378B65B3C /* libPods-ComponentACategoryTests.a */,
				B27A39A5E50CEDFF17CD3221 /* libPods-ComponentACategoryUITests.a */,
			);
			name = Frameworks;
			sourceTree = "<group>";
		};
/* End PBXGroup section */

/* Begin PBXNativeTarget section */
		043BFB672195597D00BBC6E4 /* ComponentACategory */ = {
			isa = PBXNativeTarget;
			buildConfigurationList = 043BFB942195597E00BBC6E4 /* Build configuration list for PBXNativeTarget "ComponentACategory" */;
			buildPhases = (
				324E7E51FA2C9A1330FA14A0 /* [CP] Check Pods Manifest.lock */,
				043BFB642195597D00BBC6E4 /* Sources */,
				043BFB652195597D00BBC6E4 /* Frameworks */,
				043BFB662195597D00BBC6E4 /* Resources */,
			);
			buildRules = (
			);
			dependencies = (
			);
			name = ComponentACategory;
			productName = ComponentACategory;
			productReference = 043BFB682195597D00BBC6E4 /* ComponentACategory.app */;
			productType = "com.apple.product-type.application";
		};
		043BFB7F2195597D00BBC6E4 /* ComponentACategoryTests */ = {
			isa = PBXNativeTarget;
			buildConfigurationList = 043BFB972195597E00BBC6E4 /* Build configuration list for PBXNativeTarget "ComponentACategoryTests" */;
			buildPhases = (
				808E4AC00FA513806455F957 /* [CP] Check Pods Manifest.lock */,
				043BFB7C2195597D00BBC6E4 /* Sources */,
				043BFB7D2195597D00BBC6E4 /* Frameworks */,
				043BFB7E2195597D00BBC6E4 /* Resources */,
			);
			buildRules = (
			);
			dependencies = (
				043BFB822195597D00BBC6E4 /* PBXTargetDependency */,
			);
			name = ComponentACategoryTests;
			productName = ComponentACategoryTests;
			productReference = 043BFB802195597D00BBC6E4 /* ComponentACategoryTests.xctest */;
			productType = "com.apple.product-type.bundle.unit-test";
		};
		043BFB8A2195597D00BBC6E4 /* ComponentACategoryUITests */ = {
			isa = PBXNativeTarget;
			buildConfigurationList = 043BFB9A2195597E00BBC6E4 /* Build configuration list for PBXNativeTarget "ComponentACategoryUITests" */;
			buildPhases = (
				24FB20C81736136A49762AB2 /* [CP] Check Pods Manifest.lock */,
				043BFB872195597D00BBC6E4 /* Sources */,
				043BFB882195597D00BBC6E4 /* Frameworks */,
				043BFB892195597D00BBC6E4 /* Resources */,
			);
			buildRules = (
			);
			dependencies = (
				043BFB8D2195597D00BBC6E4 /* PBXTargetDependency */,
			);
			name = ComponentACategoryUITests;
			productName = ComponentACategoryUITests;
			productReference = 043BFB8B2195597D00BBC6E4 /* ComponentACategoryUITests.xctest */;
			productType = "com.apple.product-type.bundle.ui-testing";
		};
/* End PBXNativeTarget section */

/* Begin PBXProject section */
		043BFB602195597D00BBC6E4 /* Project object */ = {
			isa = PBXProject;
			attributes = {
				LastUpgradeCheck = 0920;
				ORGANIZATIONNAME = bianla;
				TargetAttributes = {
					043BFB672195597D00BBC6E4 = {
						CreatedOnToolsVersion = 9.2;
						ProvisioningStyle = Automatic;
					};
					043BFB7F2195597D00BBC6E4 = {
						CreatedOnToolsVersion = 9.2;
						ProvisioningStyle = Automatic;
						TestTargetID = 043BFB672195597D00BBC6E4;
					};
					043BFB8A2195597D00BBC6E4 = {
						CreatedOnToolsVersion = 9.2;
						ProvisioningStyle = Automatic;
						TestTargetID = 043BFB672195597D00BBC6E4;
					};
				};
			};
			buildConfigurationList = 043BFB632195597D00BBC6E4 /* Build configuration list for PBXProject "ComponentACategory" */;
			compatibilityVersion = "Xcode 8.0";
			developmentRegion = en;
			hasScannedForEncodings = 0;
			knownRegions = (
				en,
				Base,
			);
			mainGroup = 043BFB5F2195597D00BBC6E4;
			productRefGroup = 043BFB692195597D00BBC6E4 /* Products */;
			projectDirPath = "";
			projectRoot = "";
			targets = (
				043BFB672195597D00BBC6E4 /* ComponentACategory */,
				043BFB7F2195597D00BBC6E4 /* ComponentACategoryTests */,
				043BFB8A2195597D00BBC6E4 /* ComponentACategoryUITests */,
			);
		};
/* End PBXProject section */

/* Begin PBXResourcesBuildPhase section */
		043BFB662195597D00BBC6E4 /* Resources */ = {
			isa = PBXResourcesBuildPhase;
			buildActionMask = 2147483647;
			files = (
				043BFB782195597D00BBC6E4 /* LaunchScreen.storyboard in Resources */,
				043BFB752195597D00BBC6E4 /* Assets.xcassets in Resources */,
				043BFB732195597D00BBC6E4 /* Main.storyboard in Resources */,
			);
			runOnlyForDeploymentPostprocessing = 0;
		};
		043BFB7E2195597D00BBC6E4 /* Resources */ = {
			isa = PBXResourcesBuildPhase;
			buildActionMask = 2147483647;
			files = (
			);
			runOnlyForDeploymentPostprocessing = 0;
		};
		043BFB892195597D00BBC6E4 /* Resources */ = {
			isa = PBXResourcesBuildPhase;
			buildActionMask = 2147483647;
			files = (
			);
			runOnlyForDeploymentPostprocessing = 0;
		};
/* End PBXResourcesBuildPhase section */

/* Begin PBXShellScriptBuildPhase section */
		24FB20C81736136A49762AB2 /* [CP] Check Pods Manifest.lock */ = {
			isa = PBXShellScriptBuildPhase;
			buildActionMask = 2147483647;
			files = (
			);
			inputPaths = (
				"${PODS_PODFILE_DIR_PATH}/Podfile.lock",
				"${PODS_ROOT}/Manifest.lock",
			);
			name = "[CP] Check Pods Manifest.lock";
			outputPaths = (
				"$(DERIVED_FILE_DIR)/Pods-ComponentACategoryUITests-checkManifestLockResult.txt",
			);
			runOnlyForDeploymentPostprocessing = 0;
			shellPath = /bin/sh;
			shellScript = "diff \"${PODS_PODFILE_DIR_PATH}/Podfile.lock\" \"${PODS_ROOT}/Manifest.lock\" > /dev/null\nif [ $? != 0 ] ; then\n    # print error to STDERR\n    echo \"error: The sandbox is not in sync with the Podfile.lock. Run 'pod install' or update your CocoaPods installation.\" >&2\n    exit 1\nfi\n# This output is used by Xcode 'outputs' to avoid re-running this script phase.\necho \"SUCCESS\" > \"${SCRIPT_OUTPUT_FILE_0}\"\n";
			showEnvVarsInLog = 0;
		};
		324E7E51FA2C9A1330FA14A0 /* [CP] Check Pods Manifest.lock */ = {
			isa = PBXShellScriptBuildPhase;
			buildActionMask = 2147483647;
			files = (
			);
			inputPaths = (
				"${PODS_PODFILE_DIR_PATH}/Podfile.lock",
				"${PODS_ROOT}/Manifest.lock",
			);
			name = "[CP] Check Pods Manifest.lock";
			outputPaths = (
				"$(DERIVED_FILE_DIR)/Pods-ComponentACategory-checkManifestLockResult.txt",
			);
			runOnlyForDeploymentPostprocessing = 0;
			shellPath = /bin/sh;
			shellScript = "diff \"${PODS_PODFILE_DIR_PATH}/Podfile.lock\" \"${PODS_ROOT}/Manifest.lock\" > /dev/null\nif [ $? != 0 ] ; then\n    # print error to STDERR\n    echo \"error: The sandbox is not in sync with the Podfile.lock. Run 'pod install' or update your CocoaPods installation.\" >&2\n    exit 1\nfi\n# This output is used by Xcode 'outputs' to avoid re-running this script phase.\necho \"SUCCESS\" > \"${SCRIPT_OUTPUT_FILE_0}\"\n";
			showEnvVarsInLog = 0;
		};
		808E4AC00FA513806455F957 /* [CP] Check Pods Manifest.lock */ = {
			isa = PBXShellScriptBuildPhase;
			buildActionMask = 2147483647;
			files = (
			);
			inputPaths = (
				"${PODS_PODFILE_DIR_PATH}/Podfile.lock",
				"${PODS_ROOT}/Manifest.lock",
			);
			name = "[CP] Check Pods Manifest.lock";
			outputPaths = (
				"$(DERIVED_FILE_DIR)/Pods-ComponentACategoryTests-checkManifestLockResult.txt",
			);
			runOnlyForDeploymentPostprocessing = 0;
			shellPath = /bin/sh;
			shellScript = "diff \"${PODS_PODFILE_DIR_PATH}/Podfile.lock\" \"${PODS_ROOT}/Manifest.lock\" > /dev/null\nif [ $? != 0 ] ; then\n    # print error to STDERR\n    echo \"error: The sandbox is not in sync with the Podfile.lock. Run 'pod install' or update your CocoaPods installation.\" >&2\n    exit 1\nfi\n# This output is used by Xcode 'outputs' to avoid re-running this script phase.\necho \"SUCCESS\" > \"${SCRIPT_OUTPUT_FILE_0}\"\n";
			showEnvVarsInLog = 0;
		};
/* End PBXShellScriptBuildPhase section */

/* Begin PBXSourcesBuildPhase section */
		043BFB642195597D00BBC6E4 /* Sources */ = {
			isa = PBXSourcesBuildPhase;
			buildActionMask = 2147483647;
			files = (
				043BFBA321955D1800BBC6E4 /* CTMediator+ModuleA.m in Sources */,
				043BFB702195597D00BBC6E4 /* ViewController.m in Sources */,
				043BFB7B2195597D00BBC6E4 /* main.m in Sources */,
				043BFB6D2195597D00BBC6E4 /* AppDelegate.m in Sources */,
			);
			runOnlyForDeploymentPostprocessing = 0;
		};
		043BFB7C2195597D00BBC6E4 /* Sources */ = {
			isa = PBXSourcesBuildPhase;
			buildActionMask = 2147483647;
			files = (
				043BFB852195597D00BBC6E4 /* ComponentACategoryTests.m in Sources */,
			);
			runOnlyForDeploymentPostprocessing = 0;
		};
		043BFB872195597D00BBC6E4 /* Sources */ = {
			isa = PBXSourcesBuildPhase;
			buildActionMask = 2147483647;
			files = (
				043BFB902195597D00BBC6E4 /* ComponentACategoryUITests.m in Sources */,
			);
			runOnlyForDeploymentPostprocessing = 0;
		};
/* End PBXSourcesBuildPhase section */

/* Begin PBXTargetDependency section */
		043BFB822195597D00BBC6E4 /* PBXTargetDependency */ = {
			isa = PBXTargetDependency;
			target = 043BFB672195597D00BBC6E4 /* ComponentACategory */;
			targetProxy = 043BFB812195597D00BBC6E4 /* PBXContainerItemProxy */;
		};
		043BFB8D2195597D00BBC6E4 /* PBXTargetDependency */ = {
			isa = PBXTargetDependency;
			target = 043BFB672195597D00BBC6E4 /* ComponentACategory */;
			targetProxy = 043BFB8C2195597D00BBC6E4 /* PBXContainerItemProxy */;
		};
/* End PBXTargetDependency section */

/* Begin PBXVariantGroup section */
		043BFB712195597D00BBC6E4 /* Main.storyboard */ = {
			isa = PBXVariantGroup;
			children = (
				043BFB722195597D00BBC6E4 /* Base */,
			);
			name = Main.storyboard;
			sourceTree = "<group>";
		};
		043BFB762195597D00BBC6E4 /* LaunchScreen.storyboard */ = {
			isa = PBXVariantGroup;
			children = (
				043BFB772195597D00BBC6E4 /* Base */,
			);
			name = LaunchScreen.storyboard;
			sourceTree = "<group>";
		};
/* End PBXVariantGroup section */

/* Begin XCBuildConfiguration section */
		043BFB922195597E00BBC6E4 /* Debug */ = {
			isa = XCBuildConfiguration;
			buildSettings = {
				ALWAYS_SEARCH_USER_PATHS = NO;
				CLANG_ANALYZER_NONNULL = YES;
				CLANG_ANALYZER_NUMBER_OBJECT_CONVERSION = YES_AGGRESSIVE;
				CLANG_CXX_LANGUAGE_STANDARD = "gnu++14";
				CLANG_CXX_LIBRARY = "libc++";
				CLANG_ENABLE_MODULES = YES;
				CLANG_ENABLE_OBJC_ARC = YES;
				CLANG_WARN_BLOCK_CAPTURE_AUTORELEASING = YES;
				CLANG_WARN_BOOL_CONVERSION = YES;
				CLANG_WARN_COMMA = YES;
				CLANG_WARN_CONSTANT_CONVERSION = YES;
				CLANG_WARN_DIRECT_OBJC_ISA_USAGE = YES_ERROR;
				CLANG_WARN_DOCUMENTATION_COMMENTS = YES;
				CLANG_WARN_EMPTY_BODY = YES;
				CLANG_WARN_ENUM_CONVERSION = YES;
				CLANG_WARN_INFINITE_RECURSION = YES;
				CLANG_WARN_INT_CONVERSION = YES;
				CLANG_WARN_NON_LITERAL_NULL_CONVERSION = YES;
				CLANG_WARN_OBJC_LITERAL_CONVERSION = YES;
				CLANG_WARN_OBJC_ROOT_CLASS = YES_ERROR;
				CLANG_WARN_RANGE_LOOP_ANALYSIS = YES;
				CLANG_WARN_STRICT_PROTOTYPES = YES;
				CLANG_WARN_SUSPICIOUS_MOVE = YES;
				CLANG_WARN_UNGUARDED_AVAILABILITY = YES_AGGRESSIVE;
				CLANG_WARN_UNREACHABLE_CODE = YES;
				CLANG_WARN__DUPLICATE_METHOD_MATCH = YES;
				CODE_SIGN_IDENTITY = "iPhone Developer";
				COPY_PHASE_STRIP = NO;
				DEBUG_INFORMATION_FORMAT = dwarf;
				ENABLE_STRICT_OBJC_MSGSEND = YES;
				ENABLE_TESTABILITY = YES;
				GCC_C_LANGUAGE_STANDARD = gnu11;
				GCC_DYNAMIC_NO_PIC = NO;
				GCC_NO_COMMON_BLOCKS = YES;
				GCC_OPTIMIZATION_LEVEL = 0;
				GCC_PREPROCESSOR_DEFINITIONS = (
					"DEBUG=1",
					"$(inherited)",
				);
				GCC_WARN_64_TO_32_BIT_CONVERSION = YES;
				GCC_WARN_ABOUT_RETURN_TYPE = YES_ERROR;
				GCC_WARN_UNDECLARED_SELECTOR = YES;
				GCC_WARN_UNINITIALIZED_AUTOS = YES_AGGRESSIVE;
				GCC_WARN_UNUSED_FUNCTION = YES;
				GCC_WARN_UNUSED_VARIABLE = YES;
				IPHONEOS_DEPLOYMENT_TARGET = 11.2;
				MTL_ENABLE_DEBUG_INFO = YES;
				ONLY_ACTIVE_ARCH = YES;
				SDKROOT = iphoneos;
			};
			name = Debug;
		};
		043BFB932195597E00BBC6E4 /* Release */ = {
			isa = XCBuildConfiguration;
			buildSettings = {
				ALWAYS_SEARCH_USER_PATHS = NO;
				CLANG_ANALYZER_NONNULL = YES;
				CLANG_ANALYZER_NUMBER_OBJECT_CONVERSION = YES_AGGRESSIVE;
				CLANG_CXX_LANGUAGE_STANDARD = "gnu++14";
				CLANG_CXX_LIBRARY = "libc++";
				CLANG_ENABLE_MODULES = YES;
				CLANG_ENABLE_OBJC_ARC = YES;
				CLANG_WARN_BLOCK_CAPTURE_AUTORELEASING = YES;
				CLANG_WARN_BOOL_CONVERSION = YES;
				CLANG_WARN_COMMA = YES;
				CLANG_WARN_CONSTANT_CONVERSION = YES;
				CLANG_WARN_DIRECT_OBJC_ISA_USAGE = YES_ERROR;
				CLANG_WARN_DOCUMENTATION_COMMENTS = YES;
				CLANG_WARN_EMPTY_BODY = YES;
				CLANG_WARN_ENUM_CONVERSION = YES;
				CLANG_WARN_INFINITE_RECURSION = YES;
				CLANG_WARN_INT_CONVERSION = YES;
				CLANG_WARN_NON_LITERAL_NULL_CONVERSION = YES;
				CLANG_WARN_OBJC_LITERAL_CONVERSION = YES;
				CLANG_WARN_OBJC_ROOT_CLASS = YES_ERROR;
				CLANG_WARN_RANGE_LOOP_ANALYSIS = YES;
				CLANG_WARN_STRICT_PROTOTYPES = YES;
				CLANG_WARN_SUSPICIOUS_MOVE = YES;
				CLANG_WARN_UNGUARDED_AVAILABILITY = YES_AGGRESSIVE;
				CLANG_WARN_UNREACHABLE_CODE = YES;
				CLANG_WARN__DUPLICATE_METHOD_MATCH = YES;
				CODE_SIGN_IDENTITY = "iPhone Developer";
				COPY_PHASE_STRIP = NO;
				DEBUG_INFORMATION_FORMAT = "dwarf-with-dsym";
				ENABLE_NS_ASSERTIONS = NO;
				ENABLE_STRICT_OBJC_MSGSEND = YES;
				GCC_C_LANGUAGE_STANDARD = gnu11;
				GCC_NO_COMMON_BLOCKS = YES;
				GCC_WARN_64_TO_32_BIT_CONVERSION = YES;
				GCC_WARN_ABOUT_RETURN_TYPE = YES_ERROR;
				GCC_WARN_UNDECLARED_SELECTOR = YES;
				GCC_WARN_UNINITIALIZED_AUTOS = YES_AGGRESSIVE;
				GCC_WARN_UNUSED_FUNCTION = YES;
				GCC_WARN_UNUSED_VARIABLE = YES;
				IPHONEOS_DEPLOYMENT_TARGET = 11.2;
				MTL_ENABLE_DEBUG_INFO = NO;
				SDKROOT = iphoneos;
				VALIDATE_PRODUCT = YES;
			};
			name = Release;
		};
		043BFB952195597E00BBC6E4 /* Debug */ = {
			isa = XCBuildConfiguration;
			baseConfigurationReference = 59E30E613010EA3B86C03AA2 /* Pods-ComponentACategory.debug.xcconfig */;
			buildSettings = {
				ASSETCATALOG_COMPILER_APPICON_NAME = AppIcon;
				CODE_SIGN_STYLE = Automatic;
				INFOPLIST_FILE = ComponentACategory/Info.plist;
				LD_RUNPATH_SEARCH_PATHS = "$(inherited) @executable_path/Frameworks";
				PRODUCT_BUNDLE_IDENTIFIER = com.bianla.ComponentACategory;
				PRODUCT_NAME = "$(TARGET_NAME)";
				TARGETED_DEVICE_FAMILY = "1,2";
			};
			name = Debug;
		};
		043BFB962195597E00BBC6E4 /* Release */ = {
			isa = XCBuildConfiguration;
			baseConfigurationReference = A0F571B2E5AB66FBFAFAC78D /* Pods-ComponentACategory.release.xcconfig */;
			buildSettings = {
				ASSETCATALOG_COMPILER_APPICON_NAME = AppIcon;
				CODE_SIGN_STYLE = Automatic;
				INFOPLIST_FILE = ComponentACategory/Info.plist;
				LD_RUNPATH_SEARCH_PATHS = "$(inherited) @executable_path/Frameworks";
				PRODUCT_BUNDLE_IDENTIFIER = com.bianla.ComponentACategory;
				PRODUCT_NAME = "$(TARGET_NAME)";
				TARGETED_DEVICE_FAMILY = "1,2";
			};
			name = Release;
		};
		043BFB982195597E00BBC6E4 /* Debug */ = {
			isa = XCBuildConfiguration;
			baseConfigurationReference = D4B5A5F02756300F10C16AD2 /* Pods-ComponentACategoryTests.debug.xcconfig */;
			buildSettings = {
				BUNDLE_LOADER = "$(TEST_HOST)";
				CODE_SIGN_STYLE = Automatic;
				INFOPLIST_FILE = ComponentACategoryTests/Info.plist;
				LD_RUNPATH_SEARCH_PATHS = "$(inherited) @executable_path/Frameworks @loader_path/Frameworks";
				PRODUCT_BUNDLE_IDENTIFIER = com.bianla.ComponentACategoryTests;
				PRODUCT_NAME = "$(TARGET_NAME)";
				TARGETED_DEVICE_FAMILY = "1,2";
				TEST_HOST = "$(BUILT_PRODUCTS_DIR)/ComponentACategory.app/ComponentACategory";
			};
			name = Debug;
		};
		043BFB992195597E00BBC6E4 /* Release */ = {
			isa = XCBuildConfiguration;
			baseConfigurationReference = F7E28B293589834295C55D43 /* Pods-ComponentACategoryTests.release.xcconfig */;
			buildSettings = {
				BUNDLE_LOADER = "$(TEST_HOST)";
				CODE_SIGN_STYLE = Automatic;
				INFOPLIST_FILE = ComponentACategoryTests/Info.plist;
				LD_RUNPATH_SEARCH_PATHS = "$(inherited) @executable_path/Frameworks @loader_path/Frameworks";
				PRODUCT_BUNDLE_IDENTIFIER = com.bianla.ComponentACategoryTests;
				PRODUCT_NAME = "$(TARGET_NAME)";
				TARGETED_DEVICE_FAMILY = "1,2";
				TEST_HOST = "$(BUILT_PRODUCTS_DIR)/ComponentACategory.app/ComponentACategory";
			};
			name = Release;
		};
		043BFB9B2195597E00BBC6E4 /* Debug */ = {
			isa = XCBuildConfiguration;
			baseConfigurationReference = 20CA9750221F974530591BF9 /* Pods-ComponentACategoryUITests.debug.xcconfig */;
			buildSettings = {
				CODE_SIGN_STYLE = Automatic;
				INFOPLIST_FILE = ComponentACategoryUITests/Info.plist;
				LD_RUNPATH_SEARCH_PATHS = "$(inherited) @executable_path/Frameworks @loader_path/Frameworks";
				PRODUCT_BUNDLE_IDENTIFIER = com.bianla.ComponentACategoryUITests;
				PRODUCT_NAME = "$(TARGET_NAME)";
				TARGETED_DEVICE_FAMILY = "1,2";
				TEST_TARGET_NAME = ComponentACategory;
			};
			name = Debug;
		};
		043BFB9C2195597E00BBC6E4 /* Release */ = {
			isa = XCBuildConfiguration;
			baseConfigurationReference = 9388B40DD7352C9CF7B3D2DE /* Pods-ComponentACategoryUITests.release.xcconfig */;
			buildSettings = {
				CODE_SIGN_STYLE = Automatic;
				INFOPLIST_FILE = ComponentACategoryUITests/Info.plist;
				LD_RUNPATH_SEARCH_PATHS = "$(inherited) @executable_path/Frameworks @loader_path/Frameworks";
				PRODUCT_BUNDLE_IDENTIFIER = com.bianla.ComponentACategoryUITests;
				PRODUCT_NAME = "$(TARGET_NAME)";
				TARGETED_DEVICE_FAMILY = "1,2";
				TEST_TARGET_NAME = ComponentACategory;
			};
			name = Release;
		};
/* End XCBuildConfiguration section */

/* Begin XCConfigurationList section */
		043BFB632195597D00BBC6E4 /* Build configuration list for PBXProject "ComponentACategory" */ = {
			isa = XCConfigurationList;
			buildConfigurations = (
				043BFB922195597E00BBC6E4 /* Debug */,
				043BFB932195597E00BBC6E4 /* Release */,
			);
			defaultConfigurationIsVisible = 0;
			defaultConfigurationName = Release;
		};
		043BFB942195597E00BBC6E4 /* Build configuration list for PBXNativeTarget "ComponentACategory" */ = {
			isa = XCConfigurationList;
			buildConfigurations = (
				043BFB952195597E00BBC6E4 /* Debug */,
				043BFB962195597E00BBC6E4 /* Release */,
			);
			defaultConfigurationIsVisible = 0;
			defaultConfigurationName = Release;
		};
		043BFB972195597E00BBC6E4 /* Build configuration list for PBXNativeTarget "ComponentACategoryTests" */ = {
			isa = XCConfigurationList;
			buildConfigurations = (
				043BFB982195597E00BBC6E4 /* Debug */,
				043BFB992195597E00BBC6E4 /* Release */,
			);
			defaultConfigurationIsVisible = 0;
			defaultConfigurationName = Release;
		};
		043BFB9A2195597E00BBC6E4 /* Build configuration list for PBXNativeTarget "ComponentACategoryUITests" */ = {
			isa = XCConfigurationList;
			buildConfigurations = (
				043BFB9B2195597E00BBC6E4 /* Debug */,
				043BFB9C2195597E00BBC6E4 /* Release */,
			);
			defaultConfigurationIsVisible = 0;
			defaultConfigurationName = Release;
		};
/* End XCConfigurationList section */
	};
	rootObject = 043BFB602195597D00BBC6E4 /* Project object */;
}
